// !$*UTF8*$!
{
	archiveVersion = 1;
	classes = {
	};
	objectVersion = 46;
	objects = {

/* Begin PBXBuildFile section */
		4DAFAD8219A3810400B46DB5 /* Foundation.framework in Frameworks */ = {isa = PBXBuildFile; fileRef = 4DAFAD8119A3810400B46DB5 /* Foundation.framework */; };
		4DAFAD8419A3810400B46DB5 /* CoreGraphics.framework in Frameworks */ = {isa = PBXBuildFile; fileRef = 4DAFAD8319A3810400B46DB5 /* CoreGraphics.framework */; };
		4DAFAD8619A3810400B46DB5 /* UIKit.framework in Frameworks */ = {isa = PBXBuildFile; fileRef = 4DAFAD8519A3810400B46DB5 /* UIKit.framework */; };
		4DAFAD8C19A3810400B46DB5 /* InfoPlist.strings in Resources */ = {isa = PBXBuildFile; fileRef = 4DAFAD8A19A3810400B46DB5 /* InfoPlist.strings */; };
		4DAFAD8E19A3810400B46DB5 /* main.m in Sources */ = {isa = PBXBuildFile; fileRef = 4DAFAD8D19A3810400B46DB5 /* main.m */; };
		4DAFAD9219A3810400B46DB5 /* AppDelegate.m in Sources */ = {isa = PBXBuildFile; fileRef = 4DAFAD9119A3810400B46DB5 /* AppDelegate.m */; };
		4DAFAD9519A3810400B46DB5 /* Main.storyboard in Resources */ = {isa = PBXBuildFile; fileRef = 4DAFAD9319A3810400B46DB5 /* Main.storyboard */; };
		4DAFAD9819A3810400B46DB5 /* RootViewController.m in Sources */ = {isa = PBXBuildFile; fileRef = 4DAFAD9719A3810400B46DB5 /* RootViewController.m */; };
		4DAFAD9A19A3810400B46DB5 /* Images.xcassets in Resources */ = {isa = PBXBuildFile; fileRef = 4DAFAD9919A3810400B46DB5 /* Images.xcassets */; };
		4DAFADA119A3810400B46DB5 /* XCTest.framework in Frameworks */ = {isa = PBXBuildFile; fileRef = 4DAFADA019A3810400B46DB5 /* XCTest.framework */; };
		4DAFADA219A3810400B46DB5 /* Foundation.framework in Frameworks */ = {isa = PBXBuildFile; fileRef = 4DAFAD8119A3810400B46DB5 /* Foundation.framework */; };
		4DAFADA319A3810400B46DB5 /* UIKit.framework in Frameworks */ = {isa = PBXBuildFile; fileRef = 4DAFAD8519A3810400B46DB5 /* UIKit.framework */; };
		4DAFADAB19A3810400B46DB5 /* InfoPlist.strings in Resources */ = {isa = PBXBuildFile; fileRef = 4DAFADA919A3810400B46DB5 /* InfoPlist.strings */; };
		4DAFADAD19A3810400B46DB5 /* InstagramRipOffTests.m in Sources */ = {isa = PBXBuildFile; fileRef = 4DAFADAC19A3810400B46DB5 /* InstagramRipOffTests.m */; };
		4DAFADB719A3811400B46DB5 /* AdSupport.framework in Frameworks */ = {isa = PBXBuildFile; fileRef = 4DAFADB619A3811400B46DB5 /* AdSupport.framework */; };
		4DAFADB919A3811D00B46DB5 /* AudioToolbox.framework in Frameworks */ = {isa = PBXBuildFile; fileRef = 4DAFADB819A3811D00B46DB5 /* AudioToolbox.framework */; };
		4DAFADBB19A3812700B46DB5 /* CFNetwork.framework in Frameworks */ = {isa = PBXBuildFile; fileRef = 4DAFADBA19A3812700B46DB5 /* CFNetwork.framework */; };
		4DAFADBD19A3812C00B46DB5 /* CoreAudio.framework in Frameworks */ = {isa = PBXBuildFile; fileRef = 4DAFADBC19A3812C00B46DB5 /* CoreAudio.framework */; };
		4DAFADBF19A3815C00B46DB5 /* libz.dylib in Frameworks */ = {isa = PBXBuildFile; fileRef = 4DAFADBE19A3815C00B46DB5 /* libz.dylib */; };
		4DAFADC119A3821700B46DB5 /* QuartzCore.framework in Frameworks */ = {isa = PBXBuildFile; fileRef = 4DAFADC019A3821700B46DB5 /* QuartzCore.framework */; };
		4DAFADC319A3828B00B46DB5 /* MobileCoreServices.framework in Frameworks */ = {isa = PBXBuildFile; fileRef = 4DAFADC219A3828B00B46DB5 /* MobileCoreServices.framework */; };
		4DAFADC519A382A000B46DB5 /* Security.framework in Frameworks */ = {isa = PBXBuildFile; fileRef = 4DAFADC419A382A000B46DB5 /* Security.framework */; };
		4DAFADC719A382AB00B46DB5 /* StoreKit.framework in Frameworks */ = {isa = PBXBuildFile; fileRef = 4DAFADC619A382AB00B46DB5 /* StoreKit.framework */; };
		4DAFADC919A382B300B46DB5 /* SystemConfiguration.framework in Frameworks */ = {isa = PBXBuildFile; fileRef = 4DAFADC819A382B300B46DB5 /* SystemConfiguration.framework */; };
		4DAFADCB19A382C400B46DB5 /* CoreLocation.framework in Frameworks */ = {isa = PBXBuildFile; fileRef = 4DAFADCA19A382C400B46DB5 /* CoreLocation.framework */; };
		DF6F43E119A3AC7200F1AAF8 /* RegisterEmailViewController.m in Sources */ = {isa = PBXBuildFile; fileRef = DF6F43E019A3AC7200F1AAF8 /* RegisterEmailViewController.m */; };
		DF6F43E419A3AC8800F1AAF8 /* LogInViewController.m in Sources */ = {isa = PBXBuildFile; fileRef = DF6F43E319A3AC8800F1AAF8 /* LogInViewController.m */; };
		DF6F43E619A3CC5600F1AAF8 /* Parse.framework in Frameworks */ = {isa = PBXBuildFile; fileRef = DF6F43E519A3CC5600F1AAF8 /* Parse.framework */; };
		DF6F43E819A3CCD100F1AAF8 /* Accounts.framework in Frameworks */ = {isa = PBXBuildFile; fileRef = DF6F43E719A3CCD100F1AAF8 /* Accounts.framework */; };
/* End PBXBuildFile section */

/* Begin PBXContainerItemProxy section */
		4DAFADA419A3810400B46DB5 /* PBXContainerItemProxy */ = {
			isa = PBXContainerItemProxy;
			containerPortal = 4DAFAD7619A3810400B46DB5 /* Project object */;
			proxyType = 1;
			remoteGlobalIDString = 4DAFAD7D19A3810400B46DB5;
			remoteInfo = InstagramRipOff;
		};
/* End PBXContainerItemProxy section */

/* Begin PBXFileReference section */
		4DAFAD7E19A3810400B46DB5 /* InstagramRipOff.app */ = {isa = PBXFileReference; explicitFileType = wrapper.application; includeInIndex = 0; path = InstagramRipOff.app; sourceTree = BUILT_PRODUCTS_DIR; };
		4DAFAD8119A3810400B46DB5 /* Foundation.framework */ = {isa = PBXFileReference; lastKnownFileType = wrapper.framework; name = Foundation.framework; path = System/Library/Frameworks/Foundation.framework; sourceTree = SDKROOT; };
		4DAFAD8319A3810400B46DB5 /* CoreGraphics.framework */ = {isa = PBXFileReference; lastKnownFileType = wrapper.framework; name = CoreGraphics.framework; path = System/Library/Frameworks/CoreGraphics.framework; sourceTree = SDKROOT; };
		4DAFAD8519A3810400B46DB5 /* UIKit.framework */ = {isa = PBXFileReference; lastKnownFileType = wrapper.framework; name = UIKit.framework; path = System/Library/Frameworks/UIKit.framework; sourceTree = SDKROOT; };
		4DAFAD8919A3810400B46DB5 /* InstagramRipOff-Info.plist */ = {isa = PBXFileReference; lastKnownFileType = text.plist.xml; path = "InstagramRipOff-Info.plist"; sourceTree = "<group>"; };
		4DAFAD8B19A3810400B46DB5 /* en */ = {isa = PBXFileReference; lastKnownFileType = text.plist.strings; name = en; path = en.lproj/InfoPlist.strings; sourceTree = "<group>"; };
		4DAFAD8D19A3810400B46DB5 /* main.m */ = {isa = PBXFileReference; lastKnownFileType = sourcecode.c.objc; path = main.m; sourceTree = "<group>"; };
		4DAFAD8F19A3810400B46DB5 /* InstagramRipOff-Prefix.pch */ = {isa = PBXFileReference; lastKnownFileType = sourcecode.c.h; path = "InstagramRipOff-Prefix.pch"; sourceTree = "<group>"; };
		4DAFAD9019A3810400B46DB5 /* AppDelegate.h */ = {isa = PBXFileReference; lastKnownFileType = sourcecode.c.h; path = AppDelegate.h; sourceTree = "<group>"; };
		4DAFAD9119A3810400B46DB5 /* AppDelegate.m */ = {isa = PBXFileReference; lastKnownFileType = sourcecode.c.objc; path = AppDelegate.m; sourceTree = "<group>"; };
		4DAFAD9419A3810400B46DB5 /* Base */ = {isa = PBXFileReference; lastKnownFileType = file.storyboard; name = Base; path = Base.lproj/Main.storyboard; sourceTree = "<group>"; };
		4DAFAD9619A3810400B46DB5 /* RootViewController.h */ = {isa = PBXFileReference; lastKnownFileType = sourcecode.c.h; path = RootViewController.h; sourceTree = "<group>"; };
		4DAFAD9719A3810400B46DB5 /* RootViewController.m */ = {isa = PBXFileReference; lastKnownFileType = sourcecode.c.objc; path = RootViewController.m; sourceTree = "<group>"; };
		4DAFAD9919A3810400B46DB5 /* Images.xcassets */ = {isa = PBXFileReference; lastKnownFileType = folder.assetcatalog; path = Images.xcassets; sourceTree = "<group>"; };
		4DAFAD9F19A3810400B46DB5 /* InstagramRipOffTests.xctest */ = {isa = PBXFileReference; explicitFileType = wrapper.cfbundle; includeInIndex = 0; path = InstagramRipOffTests.xctest; sourceTree = BUILT_PRODUCTS_DIR; };
		4DAFADA019A3810400B46DB5 /* XCTest.framework */ = {isa = PBXFileReference; lastKnownFileType = wrapper.framework; name = XCTest.framework; path = Library/Frameworks/XCTest.framework; sourceTree = DEVELOPER_DIR; };
		4DAFADA819A3810400B46DB5 /* InstagramRipOffTests-Info.plist */ = {isa = PBXFileReference; lastKnownFileType = text.plist.xml; path = "InstagramRipOffTests-Info.plist"; sourceTree = "<group>"; };
		4DAFADAA19A3810400B46DB5 /* en */ = {isa = PBXFileReference; lastKnownFileType = text.plist.strings; name = en; path = en.lproj/InfoPlist.strings; sourceTree = "<group>"; };
		4DAFADAC19A3810400B46DB5 /* InstagramRipOffTests.m */ = {isa = PBXFileReference; lastKnownFileType = sourcecode.c.objc; path = InstagramRipOffTests.m; sourceTree = "<group>"; };
		4DAFADB619A3811400B46DB5 /* AdSupport.framework */ = {isa = PBXFileReference; lastKnownFileType = wrapper.framework; name = AdSupport.framework; path = System/Library/Frameworks/AdSupport.framework; sourceTree = SDKROOT; };
		4DAFADB819A3811D00B46DB5 /* AudioToolbox.framework */ = {isa = PBXFileReference; lastKnownFileType = wrapper.framework; name = AudioToolbox.framework; path = System/Library/Frameworks/AudioToolbox.framework; sourceTree = SDKROOT; };
		4DAFADBA19A3812700B46DB5 /* CFNetwork.framework */ = {isa = PBXFileReference; lastKnownFileType = wrapper.framework; name = CFNetwork.framework; path = System/Library/Frameworks/CFNetwork.framework; sourceTree = SDKROOT; };
		4DAFADBC19A3812C00B46DB5 /* CoreAudio.framework */ = {isa = PBXFileReference; lastKnownFileType = wrapper.framework; name = CoreAudio.framework; path = System/Library/Frameworks/CoreAudio.framework; sourceTree = SDKROOT; };
		4DAFADBE19A3815C00B46DB5 /* libz.dylib */ = {isa = PBXFileReference; lastKnownFileType = "compiled.mach-o.dylib"; name = libz.dylib; path = usr/lib/libz.dylib; sourceTree = SDKROOT; };
		4DAFADC019A3821700B46DB5 /* QuartzCore.framework */ = {isa = PBXFileReference; lastKnownFileType = wrapper.framework; name = QuartzCore.framework; path = System/Library/Frameworks/QuartzCore.framework; sourceTree = SDKROOT; };
		4DAFADC219A3828B00B46DB5 /* MobileCoreServices.framework */ = {isa = PBXFileReference; lastKnownFileType = wrapper.framework; name = MobileCoreServices.framework; path = System/Library/Frameworks/MobileCoreServices.framework; sourceTree = SDKROOT; };
		4DAFADC419A382A000B46DB5 /* Security.framework */ = {isa = PBXFileReference; lastKnownFileType = wrapper.framework; name = Security.framework; path = System/Library/Frameworks/Security.framework; sourceTree = SDKROOT; };
		4DAFADC619A382AB00B46DB5 /* StoreKit.framework */ = {isa = PBXFileReference; lastKnownFileType = wrapper.framework; name = StoreKit.framework; path = System/Library/Frameworks/StoreKit.framework; sourceTree = SDKROOT; };
		4DAFADC819A382B300B46DB5 /* SystemConfiguration.framework */ = {isa = PBXFileReference; lastKnownFileType = wrapper.framework; name = SystemConfiguration.framework; path = System/Library/Frameworks/SystemConfiguration.framework; sourceTree = SDKROOT; };
		4DAFADCA19A382C400B46DB5 /* CoreLocation.framework */ = {isa = PBXFileReference; lastKnownFileType = wrapper.framework; name = CoreLocation.framework; path = System/Library/Frameworks/CoreLocation.framework; sourceTree = SDKROOT; };
		DF6F43DF19A3AC7200F1AAF8 /* RegisterEmailViewController.h */ = {isa = PBXFileReference; fileEncoding = 4; lastKnownFileType = sourcecode.c.h; path = RegisterEmailViewController.h; sourceTree = "<group>"; };
		DF6F43E019A3AC7200F1AAF8 /* RegisterEmailViewController.m */ = {isa = PBXFileReference; fileEncoding = 4; lastKnownFileType = sourcecode.c.objc; path = RegisterEmailViewController.m; sourceTree = "<group>"; };
		DF6F43E219A3AC8800F1AAF8 /* LogInViewController.h */ = {isa = PBXFileReference; fileEncoding = 4; lastKnownFileType = sourcecode.c.h; path = LogInViewController.h; sourceTree = "<group>"; };
		DF6F43E319A3AC8800F1AAF8 /* LogInViewController.m */ = {isa = PBXFileReference; fileEncoding = 4; lastKnownFileType = sourcecode.c.objc; path = LogInViewController.m; sourceTree = "<group>"; };
		DF6F43E519A3CC5600F1AAF8 /* Parse.framework */ = {isa = PBXFileReference; lastKnownFileType = wrapper.framework; path = Parse.framework; sourceTree = "<group>"; };
		DF6F43E719A3CCD100F1AAF8 /* Accounts.framework */ = {isa = PBXFileReference; lastKnownFileType = wrapper.framework; name = Accounts.framework; path = System/Library/Frameworks/Accounts.framework; sourceTree = SDKROOT; };
/* End PBXFileReference section */

/* Begin PBXFrameworksBuildPhase section */
		4DAFAD7B19A3810400B46DB5 /* Frameworks */ = {
			isa = PBXFrameworksBuildPhase;
			buildActionMask = 2147483647;
			files = (
				DF6F43E819A3CCD100F1AAF8 /* Accounts.framework in Frameworks */,
				4DAFADCB19A382C400B46DB5 /* CoreLocation.framework in Frameworks */,
				4DAFADC919A382B300B46DB5 /* SystemConfiguration.framework in Frameworks */,
				4DAFADC719A382AB00B46DB5 /* StoreKit.framework in Frameworks */,
				4DAFADC519A382A000B46DB5 /* Security.framework in Frameworks */,
				DF6F43E619A3CC5600F1AAF8 /* Parse.framework in Frameworks */,
				4DAFADC319A3828B00B46DB5 /* MobileCoreServices.framework in Frameworks */,
				4DAFADC119A3821700B46DB5 /* QuartzCore.framework in Frameworks */,
				4DAFADBF19A3815C00B46DB5 /* libz.dylib in Frameworks */,
				4DAFADBD19A3812C00B46DB5 /* CoreAudio.framework in Frameworks */,
				4DAFADBB19A3812700B46DB5 /* CFNetwork.framework in Frameworks */,
				4DAFADB919A3811D00B46DB5 /* AudioToolbox.framework in Frameworks */,
				4DAFADB719A3811400B46DB5 /* AdSupport.framework in Frameworks */,
				4DAFAD8419A3810400B46DB5 /* CoreGraphics.framework in Frameworks */,
				4DAFAD8619A3810400B46DB5 /* UIKit.framework in Frameworks */,
				4DAFAD8219A3810400B46DB5 /* Foundation.framework in Frameworks */,
			);
			runOnlyForDeploymentPostprocessing = 0;
		};
		4DAFAD9C19A3810400B46DB5 /* Frameworks */ = {
			isa = PBXFrameworksBuildPhase;
			buildActionMask = 2147483647;
			files = (
				4DAFADA119A3810400B46DB5 /* XCTest.framework in Frameworks */,
				4DAFADA319A3810400B46DB5 /* UIKit.framework in Frameworks */,
				4DAFADA219A3810400B46DB5 /* Foundation.framework in Frameworks */,
			);
			runOnlyForDeploymentPostprocessing = 0;
		};
/* End PBXFrameworksBuildPhase section */

/* Begin PBXGroup section */
		4DAFAD7519A3810400B46DB5 = {
			isa = PBXGroup;
			children = (
				4DAFAD8719A3810400B46DB5 /* InstagramRipOff */,
				4DAFADA619A3810400B46DB5 /* InstagramRipOffTests */,
				4DAFAD8019A3810400B46DB5 /* Frameworks */,
				4DAFAD7F19A3810400B46DB5 /* Products */,
			);
			sourceTree = "<group>";
		};
		4DAFAD7F19A3810400B46DB5 /* Products */ = {
			isa = PBXGroup;
			children = (
				4DAFAD7E19A3810400B46DB5 /* InstagramRipOff.app */,
				4DAFAD9F19A3810400B46DB5 /* InstagramRipOffTests.xctest */,
			);
			name = Products;
			sourceTree = "<group>";
		};
		4DAFAD8019A3810400B46DB5 /* Frameworks */ = {
			isa = PBXGroup;
			children = (
				DF6F43E719A3CCD100F1AAF8 /* Accounts.framework */,
				4DAFADCA19A382C400B46DB5 /* CoreLocation.framework */,
				4DAFADC819A382B300B46DB5 /* SystemConfiguration.framework */,
				4DAFADC619A382AB00B46DB5 /* StoreKit.framework */,
				4DAFADC419A382A000B46DB5 /* Security.framework */,
				4DAFADC219A3828B00B46DB5 /* MobileCoreServices.framework */,
				4DAFADC019A3821700B46DB5 /* QuartzCore.framework */,
				4DAFADBE19A3815C00B46DB5 /* libz.dylib */,
				4DAFADBC19A3812C00B46DB5 /* CoreAudio.framework */,
				4DAFADBA19A3812700B46DB5 /* CFNetwork.framework */,
				4DAFADB819A3811D00B46DB5 /* AudioToolbox.framework */,
				4DAFADB619A3811400B46DB5 /* AdSupport.framework */,
				4DAFAD8119A3810400B46DB5 /* Foundation.framework */,
				4DAFAD8319A3810400B46DB5 /* CoreGraphics.framework */,
				4DAFAD8519A3810400B46DB5 /* UIKit.framework */,
				4DAFADA019A3810400B46DB5 /* XCTest.framework */,
			);
			name = Frameworks;
			sourceTree = "<group>";
		};
		4DAFAD8719A3810400B46DB5 /* InstagramRipOff */ = {
			isa = PBXGroup;
			children = (
				4DAFAD9019A3810400B46DB5 /* AppDelegate.h */,
				4DAFAD9119A3810400B46DB5 /* AppDelegate.m */,
				4DAFAD9319A3810400B46DB5 /* Main.storyboard */,
				DF6F43DF19A3AC7200F1AAF8 /* RegisterEmailViewController.h */,
				DF6F43E019A3AC7200F1AAF8 /* RegisterEmailViewController.m */,
				DF6F43E219A3AC8800F1AAF8 /* LogInViewController.h */,
				DF6F43E319A3AC8800F1AAF8 /* LogInViewController.m */,
				4DAFAD9619A3810400B46DB5 /* RootViewController.h */,
				4DAFAD9719A3810400B46DB5 /* RootViewController.m */,
				4DAFAD9919A3810400B46DB5 /* Images.xcassets */,
				4DAFAD8819A3810400B46DB5 /* Supporting Files */,
			);
			path = InstagramRipOff;
			sourceTree = "<group>";
		};
		4DAFAD8819A3810400B46DB5 /* Supporting Files */ = {
			isa = PBXGroup;
			children = (
				DF6F43E519A3CC5600F1AAF8 /* Parse.framework */,
				4DAFAD8919A3810400B46DB5 /* InstagramRipOff-Info.plist */,
				4DAFAD8A19A3810400B46DB5 /* InfoPlist.strings */,
				4DAFAD8D19A3810400B46DB5 /* main.m */,
				4DAFAD8F19A3810400B46DB5 /* InstagramRipOff-Prefix.pch */,
			);
			name = "Supporting Files";
			sourceTree = "<group>";
		};
		4DAFADA619A3810400B46DB5 /* InstagramRipOffTests */ = {
			isa = PBXGroup;
			children = (
				4DAFADAC19A3810400B46DB5 /* InstagramRipOffTests.m */,
				4DAFADA719A3810400B46DB5 /* Supporting Files */,
			);
			path = InstagramRipOffTests;
			sourceTree = "<group>";
		};
		4DAFADA719A3810400B46DB5 /* Supporting Files */ = {
			isa = PBXGroup;
			children = (
				4DAFADA819A3810400B46DB5 /* InstagramRipOffTests-Info.plist */,
				4DAFADA919A3810400B46DB5 /* InfoPlist.strings */,
			);
			name = "Supporting Files";
			sourceTree = "<group>";
		};
/* End PBXGroup section */

/* Begin PBXNativeTarget section */
		4DAFAD7D19A3810400B46DB5 /* InstagramRipOff */ = {
			isa = PBXNativeTarget;
			buildConfigurationList = 4DAFADB019A3810400B46DB5 /* Build configuration list for PBXNativeTarget "InstagramRipOff" */;
			buildPhases = (
				4DAFAD7A19A3810400B46DB5 /* Sources */,
				4DAFAD7B19A3810400B46DB5 /* Frameworks */,
				4DAFAD7C19A3810400B46DB5 /* Resources */,
			);
			buildRules = (
			);
			dependencies = (
			);
			name = InstagramRipOff;
			productName = InstagramRipOff;
			productReference = 4DAFAD7E19A3810400B46DB5 /* InstagramRipOff.app */;
			productType = "com.apple.product-type.application";
		};
		4DAFAD9E19A3810400B46DB5 /* InstagramRipOffTests */ = {
			isa = PBXNativeTarget;
			buildConfigurationList = 4DAFADB319A3810400B46DB5 /* Build configuration list for PBXNativeTarget "InstagramRipOffTests" */;
			buildPhases = (
				4DAFAD9B19A3810400B46DB5 /* Sources */,
				4DAFAD9C19A3810400B46DB5 /* Frameworks */,
				4DAFAD9D19A3810400B46DB5 /* Resources */,
			);
			buildRules = (
			);
			dependencies = (
				4DAFADA519A3810400B46DB5 /* PBXTargetDependency */,
			);
			name = InstagramRipOffTests;
			productName = InstagramRipOffTests;
			productReference = 4DAFAD9F19A3810400B46DB5 /* InstagramRipOffTests.xctest */;
			productType = "com.apple.product-type.bundle.unit-test";
		};
/* End PBXNativeTarget section */

/* Begin PBXProject section */
		4DAFAD7619A3810400B46DB5 /* Project object */ = {
			isa = PBXProject;
			attributes = {
				LastUpgradeCheck = 0510;
				ORGANIZATIONNAME = "Alejandro Tami";
				TargetAttributes = {
					4DAFAD9E19A3810400B46DB5 = {
						TestTargetID = 4DAFAD7D19A3810400B46DB5;
					};
				};
			};
			buildConfigurationList = 4DAFAD7919A3810400B46DB5 /* Build configuration list for PBXProject "InstagramRipOff" */;
			compatibilityVersion = "Xcode 3.2";
			developmentRegion = English;
			hasScannedForEncodings = 0;
			knownRegions = (
				en,
				Base,
			);
			mainGroup = 4DAFAD7519A3810400B46DB5;
			productRefGroup = 4DAFAD7F19A3810400B46DB5 /* Products */;
			projectDirPath = "";
			projectRoot = "";
			targets = (
				4DAFAD7D19A3810400B46DB5 /* InstagramRipOff */,
				4DAFAD9E19A3810400B46DB5 /* InstagramRipOffTests */,
			);
		};
/* End PBXProject section */

/* Begin PBXResourcesBuildPhase section */
		4DAFAD7C19A3810400B46DB5 /* Resources */ = {
			isa = PBXResourcesBuildPhase;
			buildActionMask = 2147483647;
			files = (
				4DAFAD9A19A3810400B46DB5 /* Images.xcassets in Resources */,
				4DAFAD8C19A3810400B46DB5 /* InfoPlist.strings in Resources */,
				4DAFAD9519A3810400B46DB5 /* Main.storyboard in Resources */,
			);
			runOnlyForDeploymentPostprocessing = 0;
		};
		4DAFAD9D19A3810400B46DB5 /* Resources */ = {
			isa = PBXResourcesBuildPhase;
			buildActionMask = 2147483647;
			files = (
				4DAFADAB19A3810400B46DB5 /* InfoPlist.strings in Resources */,
			);
			runOnlyForDeploymentPostprocessing = 0;
		};
/* End PBXResourcesBuildPhase section */

/* Begin PBXSourcesBuildPhase section */
		4DAFAD7A19A3810400B46DB5 /* Sources */ = {
			isa = PBXSourcesBuildPhase;
			buildActionMask = 2147483647;
			files = (
				DF6F43E119A3AC7200F1AAF8 /* RegisterEmailViewController.m in Sources */,
				4DAFAD9819A3810400B46DB5 /* RootViewController.m in Sources */,
				DF6F43E419A3AC8800F1AAF8 /* LogInViewController.m in Sources */,
				4DAFAD9219A3810400B46DB5 /* AppDelegate.m in Sources */,
				4DAFAD8E19A3810400B46DB5 /* main.m in Sources */,
			);
			runOnlyForDeploymentPostprocessing = 0;
		};
		4DAFAD9B19A3810400B46DB5 /* Sources */ = {
			isa = PBXSourcesBuildPhase;
			buildActionMask = 2147483647;
			files = (
				4DAFADAD19A3810400B46DB5 /* InstagramRipOffTests.m in Sources */,
			);
			runOnlyForDeploymentPostprocessing = 0;
		};
/* End PBXSourcesBuildPhase section */

/* Begin PBXTargetDependency section */
		4DAFADA519A3810400B46DB5 /* PBXTargetDependency */ = {
			isa = PBXTargetDependency;
			target = 4DAFAD7D19A3810400B46DB5 /* InstagramRipOff */;
			targetProxy = 4DAFADA419A3810400B46DB5 /* PBXContainerItemProxy */;
		};
/* End PBXTargetDependency section */

/* Begin PBXVariantGroup section */
		4DAFAD8A19A3810400B46DB5 /* InfoPlist.strings */ = {
			isa = PBXVariantGroup;
			children = (
				4DAFAD8B19A3810400B46DB5 /* en */,
			);
			name = InfoPlist.strings;
			sourceTree = "<group>";
		};
		4DAFAD9319A3810400B46DB5 /* Main.storyboard */ = {
			isa = PBXVariantGroup;
			children = (
				4DAFAD9419A3810400B46DB5 /* Base */,
			);
			name = Main.storyboard;
			sourceTree = "<group>";
		};
		4DAFADA919A3810400B46DB5 /* InfoPlist.strings */ = {
			isa = PBXVariantGroup;
			children = (
				4DAFADAA19A3810400B46DB5 /* en */,
			);
			name = InfoPlist.strings;
			sourceTree = "<group>";
		};
/* End PBXVariantGroup section */

/* Begin XCBuildConfiguration section */
		4DAFADAE19A3810400B46DB5 /* Debug */ = {
			isa = XCBuildConfiguration;
			buildSettings = {
				ALWAYS_SEARCH_USER_PATHS = NO;
				CLANG_CXX_LANGUAGE_STANDARD = "gnu++0x";
				CLANG_CXX_LIBRARY = "libc++";
				CLANG_ENABLE_MODULES = YES;
				CLANG_ENABLE_OBJC_ARC = YES;
				CLANG_WARN_BOOL_CONVERSION = YES;
				CLANG_WARN_CONSTANT_CONVERSION = YES;
				CLANG_WARN_DIRECT_OBJC_ISA_USAGE = YES_ERROR;
				CLANG_WARN_EMPTY_BODY = YES;
				CLANG_WARN_ENUM_CONVERSION = YES;
				CLANG_WARN_INT_CONVERSION = YES;
				CLANG_WARN_OBJC_ROOT_CLASS = YES_ERROR;
				CLANG_WARN__DUPLICATE_METHOD_MATCH = YES;
				"CODE_SIGN_IDENTITY[sdk=iphoneos*]" = "iPhone Developer";
				COPY_PHASE_STRIP = NO;
				GCC_C_LANGUAGE_STANDARD = gnu99;
				GCC_DYNAMIC_NO_PIC = NO;
				GCC_OPTIMIZATION_LEVEL = 0;
				GCC_PREPROCESSOR_DEFINITIONS = (
					"DEBUG=1",
					"$(inherited)",
				);
				GCC_SYMBOLS_PRIVATE_EXTERN = NO;
				GCC_WARN_64_TO_32_BIT_CONVERSION = YES;
				GCC_WARN_ABOUT_RETURN_TYPE = YES_ERROR;
				GCC_WARN_UNDECLARED_SELECTOR = YES;
				GCC_WARN_UNINITIALIZED_AUTOS = YES_AGGRESSIVE;
				GCC_WARN_UNUSED_FUNCTION = YES;
				GCC_WARN_UNUSED_VARIABLE = YES;
				IPHONEOS_DEPLOYMENT_TARGET = 7.1;
				ONLY_ACTIVE_ARCH = YES;
				SDKROOT = iphoneos;
			};
			name = Debug;
		};
		4DAFADAF19A3810400B46DB5 /* Release */ = {
			isa = XCBuildConfiguration;
			buildSettings = {
				ALWAYS_SEARCH_USER_PATHS = NO;
				CLANG_CXX_LANGUAGE_STANDARD = "gnu++0x";
				CLANG_CXX_LIBRARY = "libc++";
				CLANG_ENABLE_MODULES = YES;
				CLANG_ENABLE_OBJC_ARC = YES;
				CLANG_WARN_BOOL_CONVERSION = YES;
				CLANG_WARN_CONSTANT_CONVERSION = YES;
				CLANG_WARN_DIRECT_OBJC_ISA_USAGE = YES_ERROR;
				CLANG_WARN_EMPTY_BODY = YES;
				CLANG_WARN_ENUM_CONVERSION = YES;
				CLANG_WARN_INT_CONVERSION = YES;
				CLANG_WARN_OBJC_ROOT_CLASS = YES_ERROR;
				CLANG_WARN__DUPLICATE_METHOD_MATCH = YES;
				"CODE_SIGN_IDENTITY[sdk=iphoneos*]" = "iPhone Developer";
				COPY_PHASE_STRIP = YES;
				ENABLE_NS_ASSERTIONS = NO;
				GCC_C_LANGUAGE_STANDARD = gnu99;
				GCC_WARN_64_TO_32_BIT_CONVERSION = YES;
				GCC_WARN_ABOUT_RETURN_TYPE = YES_ERROR;
				GCC_WARN_UNDECLARED_SELECTOR = YES;
				GCC_WARN_UNINITIALIZED_AUTOS = YES_AGGRESSIVE;
				GCC_WARN_UNUSED_FUNCTION = YES;
				GCC_WARN_UNUSED_VARIABLE = YES;
				IPHONEOS_DEPLOYMENT_TARGET = 7.1;
				SDKROOT = iphoneos;
				VALIDATE_PRODUCT = YES;
			};
			name = Release;
		};
		4DAFADB119A3810400B46DB5 /* Debug */ = {
			isa = XCBuildConfiguration;
			buildSettings = {
				ASSETCATALOG_COMPILER_APPICON_NAME = AppIcon;
				ASSETCATALOG_COMPILER_LAUNCHIMAGE_NAME = LaunchImage;
				FRAMEWORK_SEARCH_PATHS = (
					"$(inherited)",
					"$(PROJECT_DIR)/InstagramRipOff",
				);
				GCC_PRECOMPILE_PREFIX_HEADER = YES;
				GCC_PREFIX_HEADER = "InstagramRipOff/InstagramRipOff-Prefix.pch";
				INFOPLIST_FILE = "InstagramRipOff/InstagramRipOff-Info.plist";
				PRODUCT_NAME = "$(TARGET_NAME)";
				WRAPPER_EXTENSION = app;
			};
			name = Debug;
		};
		4DAFADB219A3810400B46DB5 /* Release */ = {
			isa = XCBuildConfiguration;
			buildSettings = {
				ASSETCATALOG_COMPILER_APPICON_NAME = AppIcon;
				ASSETCATALOG_COMPILER_LAUNCHIMAGE_NAME = LaunchImage;
				FRAMEWORK_SEARCH_PATHS = (
					"$(inherited)",
					"$(PROJECT_DIR)/InstagramRipOff",
				);
				GCC_PRECOMPILE_PREFIX_HEADER = YES;
				GCC_PREFIX_HEADER = "InstagramRipOff/InstagramRipOff-Prefix.pch";
				INFOPLIST_FILE = "InstagramRipOff/InstagramRipOff-Info.plist";
				PRODUCT_NAME = "$(TARGET_NAME)";
				WRAPPER_EXTENSION = app;
			};
			name = Release;
		};
		4DAFADB419A3810400B46DB5 /* Debug */ = {
			isa = XCBuildConfiguration;
			buildSettings = {
				BUNDLE_LOADER = "$(BUILT_PRODUCTS_DIR)/InstagramRipOff.app/InstagramRipOff";
				FRAMEWORK_SEARCH_PATHS = (
					"$(SDKROOT)/Developer/Library/Frameworks",
					"$(inherited)",
					"$(DEVELOPER_FRAMEWORKS_DIR)",
				);
				GCC_PRECOMPILE_PREFIX_HEADER = YES;
				GCC_PREFIX_HEADER = "InstagramRipOff/InstagramRipOff-Prefix.pch";
				GCC_PREPROCESSOR_DEFINITIONS = (
					"DEBUG=1",
					"$(inherited)",
				);
				INFOPLIST_FILE = "InstagramRipOffTests/InstagramRipOffTests-Info.plist";
				PRODUCT_NAME = "$(TARGET_NAME)";
				TEST_HOST = "$(BUNDLE_LOADER)";
				WRAPPER_EXTENSION = xctest;
			};
			name = Debug;
		};
		4DAFADB519A3810400B46DB5 /* Release */ = {
			isa = XCBuildConfiguration;
			buildSettings = {
				BUNDLE_LOADER = "$(BUILT_PRODUCTS_DIR)/InstagramRipOff.app/InstagramRipOff";
				FRAMEWORK_SEARCH_PATHS = (
					"$(SDKROOT)/Developer/Library/Frameworks",
					"$(inherited)",
					"$(DEVELOPER_FRAMEWORKS_DIR)",
				);
				GCC_PRECOMPILE_PREFIX_HEADER = YES;
				GCC_PREFIX_HEADER = "InstagramRipOff/InstagramRipOff-Prefix.pch";
				INFOPLIST_FILE = "InstagramRipOffTests/InstagramRipOffTests-Info.plist";
				PRODUCT_NAME = "$(TARGET_NAME)";
				TEST_HOST = "$(BUNDLE_LOADER)";
				WRAPPER_EXTENSION = xctest;
			};
			name = Release;
		};
/* End XCBuildConfiguration section */

/* Begin XCConfigurationList section */
		4DAFAD7919A3810400B46DB5 /* Build configuration list for PBXProject "InstagramRipOff" */ = {
			isa = XCConfigurationList;
			buildConfigurations = (
				4DAFADAE19A3810400B46DB5 /* Debug */,
				4DAFADAF19A3810400B46DB5 /* Release */,
			);
			defaultConfigurationIsVisible = 0;
			defaultConfigurationName = Release;
		};
		4DAFADB019A3810400B46DB5 /* Build configuration list for PBXNativeTarget "InstagramRipOff" */ = {
			isa = XCConfigurationList;
			buildConfigurations = (
				4DAFADB119A3810400B46DB5 /* Debug */,
				4DAFADB219A3810400B46DB5 /* Release */,
			);
			defaultConfigurationIsVisible = 0;
			defaultConfigurationName = Release;
		};
		4DAFADB319A3810400B46DB5 /* Build configuration list for PBXNativeTarget "InstagramRipOffTests" */ = {
			isa = XCConfigurationList;
			buildConfigurations = (
				4DAFADB419A3810400B46DB5 /* Debug */,
				4DAFADB519A3810400B46DB5 /* Release */,
			);
			defaultConfigurationIsVisible = 0;
			defaultConfigurationName = Release;
		};
/* End XCConfigurationList section */
	};
	rootObject = 4DAFAD7619A3810400B46DB5 /* Project object */;
}
